{
    "_readme": [
        "This file locks the dependencies of your project to a known state",
        "Read more about it at https://getcomposer.org/doc/01-basic-usage.md#installing-dependencies",
        "This file is @generated automatically"
    ],
    "content-hash": "8a1073f94e4feb2400209517a62ae377",
    "packages": [
        {
            "name": "bblibs/bb_curl",
            "version": "dev-main",
            "source": {
                "type": "git",
                "url": "https://github.com/carvalhosjs/bb_curl.git",
                "reference": "07b58f4d9a58f651fa6439a0e526ec428e61df8b"
            },
            "dist": {
                "type": "zip",
                "url": "https://api.github.com/repos/carvalhosjs/bb_curl/zipball/07b58f4d9a58f651fa6439a0e526ec428e61df8b",
                "reference": "07b58f4d9a58f651fa6439a0e526ec428e61df8b",
                "shasum": ""
            },
            "require": {
                "php": "^7.1"
            },
            "default-branch": true,
            "type": "library",
            "autoload": {
                "psr-4": {
                    "BBCurl\\": "source/"
                }
            },
            "notification-url": "https://packagist.org/downloads/",
            "license": [
                "MIT"
            ],
            "authors": [
                {
                    "name": "Carlos Mateus Carvalho",
                    "email": "carvalho.ti.adm@gmail.com",
                    "homepage": "https://carvalhosjs.github.io/",
                    "role": "Developer"
                }
            ],
            "description": "Request CURL para PHP",
            "support": {
                "issues": "https://github.com/carvalhosjs/bb_curl/issues",
                "source": "https://github.com/carvalhosjs/bb_curl/tree/main"
            },
            "time": "2021-02-24T19:30:07+00:00"
        },
        {
            "name": "bblibs/bb_session",
            "version": "dev-main",
            "source": {
                "type": "git",
                "url": "https://github.com/carvalhosjs/bb_session.git",
                "reference": "46780adfdee2a51766c6fdaed748265b30692204"
            },
            "dist": {
                "type": "zip",
                "url": "https://api.github.com/repos/carvalhosjs/bb_session/zipball/46780adfdee2a51766c6fdaed748265b30692204",
                "reference": "46780adfdee2a51766c6fdaed748265b30692204",
                "shasum": ""
            },
            "require": {
                "php": "^7.1"
            },
            "default-branch": true,
            "type": "library",
            "autoload": {
                "psr-4": {
                    "BBSession\\": "source/"
                },
                "files": [
                    "source/Support/Helpers.php"
                ]
            },
            "notification-url": "https://packagist.org/downloads/",
            "authors": [
                {
                    "name": "Carlos Mateus Carvalho",
                    "email": "carvalho.ti.adm@gmail.com",
                    "homepage": "https://carvalhosjs.github.io/",
                    "role": "Developer"
                }
            ],
            "description": "Controle de Sessao",
            "support": {
                "issues": "https://github.com/carvalhosjs/bb_session/issues",
                "source": "https://github.com/carvalhosjs/bb_session/tree/main"
            },
            "time": "2021-01-29T14:30:05+00:00"
        }
    ],
    "packages-dev": [],
    "aliases": [],
    "minimum-stability": "stable",
    "stability-flags": {
        "bblibs/bb_curl": 20,
        "bblibs/bb_session": 20
    },
    "prefer-stable": false,
    "prefer-lowest": false,
    "platform": {
        "php": "^7.1"
    },
    "platform-dev": [],
    "plugin-api-version": "2.0.0"
}
